// !$*UTF8*$!
{
	archiveVersion = 1;
	classes = {
	};
	objectVersion = 50;
	objects = {

/* Begin PBXBuildFile section */
		9F3EAB464A23C31C291920DB /* libPods-练习工程.a in Frameworks */ = {isa = PBXBuildFile; fileRef = 4567E0E59A421F39FB06CF69 /* libPods-练习工程.a */; };
		EE89909122642D0D00CD8E66 /* AppDelegate.m in Sources */ = {isa = PBXBuildFile; fileRef = EE89909022642D0D00CD8E66 /* AppDelegate.m */; };
		EE89909722642D0D00CD8E66 /* Main.storyboard in Resources */ = {isa = PBXBuildFile; fileRef = EE89909522642D0D00CD8E66 /* Main.storyboard */; };
		EE89909922642D0F00CD8E66 /* Assets.xcassets in Resources */ = {isa = PBXBuildFile; fileRef = EE89909822642D0F00CD8E66 /* Assets.xcassets */; };
		EE89909C22642D0F00CD8E66 /* LaunchScreen.storyboard in Resources */ = {isa = PBXBuildFile; fileRef = EE89909A22642D0F00CD8E66 /* LaunchScreen.storyboard */; };
		EE89909F22642D0F00CD8E66 /* main.m in Sources */ = {isa = PBXBuildFile; fileRef = EE89909E22642D0F00CD8E66 /* main.m */; };
		EE8990A922642D0F00CD8E66 /* ____Tests.m in Sources */ = {isa = PBXBuildFile; fileRef = EE8990A822642D0F00CD8E66 /* ____Tests.m */; };
		EE8990B422642D0F00CD8E66 /* ____UITests.m in Sources */ = {isa = PBXBuildFile; fileRef = EE8990B322642D0F00CD8E66 /* ____UITests.m */; };
		EE8990CC2266C08700CD8E66 /* MTCView.m in Sources */ = {isa = PBXBuildFile; fileRef = EE8990CB2266C08700CD8E66 /* MTCView.m */; };
/* End PBXBuildFile section */

/* Begin PBXContainerItemProxy section */
		EE8990A522642D0F00CD8E66 /* PBXContainerItemProxy */ = {
			isa = PBXContainerItemProxy;
			containerPortal = EE89908422642D0D00CD8E66 /* Project object */;
			proxyType = 1;
			remoteGlobalIDString = EE89908B22642D0D00CD8E66;
			remoteInfo = "练习工程";
		};
		EE8990B022642D0F00CD8E66 /* PBXContainerItemProxy */ = {
			isa = PBXContainerItemProxy;
			containerPortal = EE89908422642D0D00CD8E66 /* Project object */;
			proxyType = 1;
			remoteGlobalIDString = EE89908B22642D0D00CD8E66;
			remoteInfo = "练习工程";
		};
/* End PBXContainerItemProxy section */

/* Begin PBXFileReference section */
		30313156C3EB9FEE1E171F8E /* Pods-练习工程.release.xcconfig */ = {isa = PBXFileReference; includeInIndex = 1; lastKnownFileType = text.xcconfig; name = "Pods-练习工程.release.xcconfig"; path = "Target Support Files/Pods-练习工程/Pods-练习工程.release.xcconfig"; sourceTree = "<group>"; };
		4567E0E59A421F39FB06CF69 /* libPods-练习工程.a */ = {isa = PBXFileReference; explicitFileType = archive.ar; includeInIndex = 0; path = "libPods-练习工程.a"; sourceTree = BUILT_PRODUCTS_DIR; };
		4DE737C575D8BD23F4F83A5A /* Pods-练习工程.debug.xcconfig */ = {isa = PBXFileReference; includeInIndex = 1; lastKnownFileType = text.xcconfig; name = "Pods-练习工程.debug.xcconfig"; path = "Target Support Files/Pods-练习工程/Pods-练习工程.debug.xcconfig"; sourceTree = "<group>"; };
		EE89908C22642D0D00CD8E66 /* 练习工程.app */ = {isa = PBXFileReference; explicitFileType = wrapper.application; includeInIndex = 0; path = "练习工程.app"; sourceTree = BUILT_PRODUCTS_DIR; };
		EE89908F22642D0D00CD8E66 /* AppDelegate.h */ = {isa = PBXFileReference; lastKnownFileType = sourcecode.c.h; path = AppDelegate.h; sourceTree = "<group>"; };
		EE89909022642D0D00CD8E66 /* AppDelegate.m */ = {isa = PBXFileReference; lastKnownFileType = sourcecode.c.objc; path = AppDelegate.m; sourceTree = "<group>"; };
		EE89909622642D0D00CD8E66 /* Base */ = {isa = PBXFileReference; lastKnownFileType = file.storyboard; name = Base; path = Base.lproj/Main.storyboard; sourceTree = "<group>"; };
		EE89909822642D0F00CD8E66 /* Assets.xcassets */ = {isa = PBXFileReference; lastKnownFileType = folder.assetcatalog; path = Assets.xcassets; sourceTree = "<group>"; };
		EE89909B22642D0F00CD8E66 /* Base */ = {isa = PBXFileReference; lastKnownFileType = file.storyboard; name = Base; path = Base.lproj/LaunchScreen.storyboard; sourceTree = "<group>"; };
		EE89909D22642D0F00CD8E66 /* Info.plist */ = {isa = PBXFileReference; lastKnownFileType = text.plist.xml; path = Info.plist; sourceTree = "<group>"; };
		EE89909E22642D0F00CD8E66 /* main.m */ = {isa = PBXFileReference; lastKnownFileType = sourcecode.c.objc; path = main.m; sourceTree = "<group>"; };
		EE8990A422642D0F00CD8E66 /* 练习工程Tests.xctest */ = {isa = PBXFileReference; explicitFileType = wrapper.cfbundle; includeInIndex = 0; path = "练习工程Tests.xctest"; sourceTree = BUILT_PRODUCTS_DIR; };
		EE8990A822642D0F00CD8E66 /* ____Tests.m */ = {isa = PBXFileReference; lastKnownFileType = sourcecode.c.objc; path = "____Tests.m"; sourceTree = "<group>"; };
		EE8990AA22642D0F00CD8E66 /* Info.plist */ = {isa = PBXFileReference; lastKnownFileType = text.plist.xml; path = Info.plist; sourceTree = "<group>"; };
		EE8990AF22642D0F00CD8E66 /* 练习工程UITests.xctest */ = {isa = PBXFileReference; explicitFileType = wrapper.cfbundle; includeInIndex = 0; path = "练习工程UITests.xctest"; sourceTree = BUILT_PRODUCTS_DIR; };
		EE8990B322642D0F00CD8E66 /* ____UITests.m */ = {isa = PBXFileReference; lastKnownFileType = sourcecode.c.objc; path = "____UITests.m"; sourceTree = "<group>"; };
		EE8990B522642D0F00CD8E66 /* Info.plist */ = {isa = PBXFileReference; lastKnownFileType = text.plist.xml; path = Info.plist; sourceTree = "<group>"; };
		EE8990CA2266C08700CD8E66 /* MTCView.h */ = {isa = PBXFileReference; lastKnownFileType = sourcecode.c.h; path = MTCView.h; sourceTree = "<group>"; };
		EE8990CB2266C08700CD8E66 /* MTCView.m */ = {isa = PBXFileReference; lastKnownFileType = sourcecode.c.objc; path = MTCView.m; sourceTree = "<group>"; };
		EEE33ABB2266C68B005352E3 /* ColorsMacro.h */ = {isa = PBXFileReference; lastKnownFileType = sourcecode.c.h; path = ColorsMacro.h; sourceTree = "<group>"; };
		EEE33ABC2266C6AF005352E3 /* ViewMacro.h */ = {isa = PBXFileReference; lastKnownFileType = sourcecode.c.h; path = ViewMacro.h; sourceTree = "<group>"; };
		EEE33ABD2266C6B9005352E3 /* CommonMacro.h */ = {isa = PBXFileReference; lastKnownFileType = sourcecode.c.h; path = CommonMacro.h; sourceTree = "<group>"; };
		EEE33ABE2266C6CD005352E3 /* MTCMacros.h */ = {isa = PBXFileReference; lastKnownFileType = sourcecode.c.h; path = MTCMacros.h; sourceTree = "<group>"; };
/* End PBXFileReference section */

/* Begin PBXFrameworksBuildPhase section */
		EE89908922642D0D00CD8E66 /* Frameworks */ = {
			isa = PBXFrameworksBuildPhase;
			buildActionMask = 2147483647;
			files = (
				9F3EAB464A23C31C291920DB /* libPods-练习工程.a in Frameworks */,
			);
			runOnlyForDeploymentPostprocessing = 0;
		};
		EE8990A122642D0F00CD8E66 /* Frameworks */ = {
			isa = PBXFrameworksBuildPhase;
			buildActionMask = 2147483647;
			files = (
			);
			runOnlyForDeploymentPostprocessing = 0;
		};
		EE8990AC22642D0F00CD8E66 /* Frameworks */ = {
			isa = PBXFrameworksBuildPhase;
			buildActionMask = 2147483647;
			files = (
			);
			runOnlyForDeploymentPostprocessing = 0;
		};
/* End PBXFrameworksBuildPhase section */

/* Begin PBXGroup section */
		178EB37A66A9A7753CC7486B /* Pods */ = {
			isa = PBXGroup;
			children = (
				4DE737C575D8BD23F4F83A5A /* Pods-练习工程.debug.xcconfig */,
				30313156C3EB9FEE1E171F8E /* Pods-练习工程.release.xcconfig */,
			);
			path = Pods;
			sourceTree = "<group>";
		};
		2158D73DEEF542181A5905B6 /* Frameworks */ = {
			isa = PBXGroup;
			children = (
				4567E0E59A421F39FB06CF69 /* libPods-练习工程.a */,
			);
			name = Frameworks;
			sourceTree = "<group>";
		};
		EE066FA122688C18003F480B /* Category */ = {
			isa = PBXGroup;
			children = (
			);
			path = Category;
			sourceTree = "<group>";
		};
		EE89908322642D0D00CD8E66 = {
			isa = PBXGroup;
			children = (
				EE89908E22642D0D00CD8E66 /* 练习工程 */,
				EE8990A722642D0F00CD8E66 /* 练习工程Tests */,
				EE8990B222642D0F00CD8E66 /* 练习工程UITests */,
				EE89908D22642D0D00CD8E66 /* Products */,
				178EB37A66A9A7753CC7486B /* Pods */,
				2158D73DEEF542181A5905B6 /* Frameworks */,
			);
			sourceTree = "<group>";
		};
		EE89908D22642D0D00CD8E66 /* Products */ = {
			isa = PBXGroup;
			children = (
				EE89908C22642D0D00CD8E66 /* 练习工程.app */,
				EE8990A422642D0F00CD8E66 /* 练习工程Tests.xctest */,
				EE8990AF22642D0F00CD8E66 /* 练习工程UITests.xctest */,
			);
			name = Products;
			sourceTree = "<group>";
		};
		EE89908E22642D0D00CD8E66 /* 练习工程 */ = {
			isa = PBXGroup;
			children = (
				EE8990C62266C04500CD8E66 /* Base */,
				EE8990C52266BF0800CD8E66 /* Resource */,
				EE8990C42266BEF700CD8E66 /* Main */,
				EE8990C32266BEEA00CD8E66 /* Class */,
				EE8990C22266BE8C00CD8E66 /* Common */,
				EE8990C12266BE4500CD8E66 /* Vendors */,
				EE89909522642D0D00CD8E66 /* Main.storyboard */,
				EE89909A22642D0F00CD8E66 /* LaunchScreen.storyboard */,
			);
			path = "练习工程";
			sourceTree = "<group>";
		};
		EE8990A722642D0F00CD8E66 /* 练习工程Tests */ = {
			isa = PBXGroup;
			children = (
				EE8990A822642D0F00CD8E66 /* ____Tests.m */,
				EE8990AA22642D0F00CD8E66 /* Info.plist */,
			);
			path = "练习工程Tests";
			sourceTree = "<group>";
		};
		EE8990B222642D0F00CD8E66 /* 练习工程UITests */ = {
			isa = PBXGroup;
			children = (
				EE8990B322642D0F00CD8E66 /* ____UITests.m */,
				EE8990B522642D0F00CD8E66 /* Info.plist */,
			);
			path = "练习工程UITests";
			sourceTree = "<group>";
		};
		EE8990C12266BE4500CD8E66 /* Vendors */ = {
			isa = PBXGroup;
			children = (
			);
			path = Vendors;
			sourceTree = "<group>";
		};
		EE8990C22266BE8C00CD8E66 /* Common */ = {
			isa = PBXGroup;
			children = (
				EE066FA122688C18003F480B /* Category */,
				EE8990CD2266C3D200CD8E66 /* Macros */,
			);
			path = Common;
			sourceTree = "<group>";
		};
		EE8990C32266BEEA00CD8E66 /* Class */ = {
			isa = PBXGroup;
			children = (
			);
			path = Class;
			sourceTree = "<group>";
		};
		EE8990C42266BEF700CD8E66 /* Main */ = {
			isa = PBXGroup;
			children = (
				EE89908F22642D0D00CD8E66 /* AppDelegate.h */,
				EE89909022642D0D00CD8E66 /* AppDelegate.m */,
				EE89909E22642D0F00CD8E66 /* main.m */,
			);
			path = Main;
			sourceTree = "<group>";
		};
		EE8990C52266BF0800CD8E66 /* Resource */ = {
			isa = PBXGroup;
			children = (
				EE89909D22642D0F00CD8E66 /* Info.plist */,
				EE89909822642D0F00CD8E66 /* Assets.xcassets */,
			);
			path = Resource;
			sourceTree = "<group>";
		};
		EE8990C62266C04500CD8E66 /* Base */ = {
			isa = PBXGroup;
			children = (
				EE8990C92266C06200CD8E66 /* Views */,
				EE8990C82266C05C00CD8E66 /* Models */,
				EE8990C72266C05000CD8E66 /* ViewControllers */,
			);
			path = Base;
			sourceTree = "<group>";
		};
		EE8990C72266C05000CD8E66 /* ViewControllers */ = {
			isa = PBXGroup;
			children = (
			);
			path = ViewControllers;
			sourceTree = "<group>";
		};
		EE8990C82266C05C00CD8E66 /* Models */ = {
			isa = PBXGroup;
			children = (
			);
			path = Models;
			sourceTree = "<group>";
		};
		EE8990C92266C06200CD8E66 /* Views */ = {
			isa = PBXGroup;
			children = (
				EE8990CA2266C08700CD8E66 /* MTCView.h */,
				EE8990CB2266C08700CD8E66 /* MTCView.m */,
			);
			path = Views;
			sourceTree = "<group>";
		};
		EE8990CD2266C3D200CD8E66 /* Macros */ = {
			isa = PBXGroup;
			children = (
				EEE33ABB2266C68B005352E3 /* ColorsMacro.h */,
				EEE33ABC2266C6AF005352E3 /* ViewMacro.h */,
				EEE33ABD2266C6B9005352E3 /* CommonMacro.h */,
				EEE33ABE2266C6CD005352E3 /* MTCMacros.h */,
			);
			path = Macros;
			sourceTree = "<group>";
		};
/* End PBXGroup section */

/* Begin PBXNativeTarget section */
		EE89908B22642D0D00CD8E66 /* 练习工程 */ = {
			isa = PBXNativeTarget;
			buildConfigurationList = EE8990B822642D0F00CD8E66 /* Build configuration list for PBXNativeTarget "练习工程" */;
			buildPhases = (
				874BC5AB75EDC05B656E16FE /* [CP] Check Pods Manifest.lock */,
				EE89908822642D0D00CD8E66 /* Sources */,
				EE89908922642D0D00CD8E66 /* Frameworks */,
				EE89908A22642D0D00CD8E66 /* Resources */,
			);
			buildRules = (
			);
			dependencies = (
			);
			name = "练习工程";
			productName = "练习工程";
			productReference = EE89908C22642D0D00CD8E66 /* 练习工程.app */;
			productType = "com.apple.product-type.application";
		};
		EE8990A322642D0F00CD8E66 /* 练习工程Tests */ = {
			isa = PBXNativeTarget;
			buildConfigurationList = EE8990BB22642D0F00CD8E66 /* Build configuration list for PBXNativeTarget "练习工程Tests" */;
			buildPhases = (
				EE8990A022642D0F00CD8E66 /* Sources */,
				EE8990A122642D0F00CD8E66 /* Frameworks */,
				EE8990A222642D0F00CD8E66 /* Resources */,
			);
			buildRules = (
			);
			dependencies = (
				EE8990A622642D0F00CD8E66 /* PBXTargetDependency */,
			);
			name = "练习工程Tests";
			productName = "练习工程Tests";
			productReference = EE8990A422642D0F00CD8E66 /* 练习工程Tests.xctest */;
			productType = "com.apple.product-type.bundle.unit-test";
		};
		EE8990AE22642D0F00CD8E66 /* 练习工程UITests */ = {
			isa = PBXNativeTarget;
			buildConfigurationList = EE8990BE22642D0F00CD8E66 /* Build configuration list for PBXNativeTarget "练习工程UITests" */;
			buildPhases = (
				EE8990AB22642D0F00CD8E66 /* Sources */,
				EE8990AC22642D0F00CD8E66 /* Frameworks */,
				EE8990AD22642D0F00CD8E66 /* Resources */,
			);
			buildRules = (
			);
			dependencies = (
				EE8990B122642D0F00CD8E66 /* PBXTargetDependency */,
			);
			name = "练习工程UITests";
			productName = "练习工程UITests";
			productReference = EE8990AF22642D0F00CD8E66 /* 练习工程UITests.xctest */;
			productType = "com.apple.product-type.bundle.ui-testing";
		};
/* End PBXNativeTarget section */

/* Begin PBXProject section */
		EE89908422642D0D00CD8E66 /* Project object */ = {
			isa = PBXProject;
			attributes = {
				CLASSPREFIX = MTC;
				LastUpgradeCheck = 1010;
				ORGANIZATIONNAME = "马天驰";
				TargetAttributes = {
					EE89908B22642D0D00CD8E66 = {
						CreatedOnToolsVersion = 10.1;
					};
					EE8990A322642D0F00CD8E66 = {
						CreatedOnToolsVersion = 10.1;
						TestTargetID = EE89908B22642D0D00CD8E66;
					};
					EE8990AE22642D0F00CD8E66 = {
						CreatedOnToolsVersion = 10.1;
						TestTargetID = EE89908B22642D0D00CD8E66;
					};
				};
			};
			buildConfigurationList = EE89908722642D0D00CD8E66 /* Build configuration list for PBXProject "练习工程" */;
			compatibilityVersion = "Xcode 9.3";
			developmentRegion = en;
			hasScannedForEncodings = 0;
			knownRegions = (
				en,
				Base,
			);
			mainGroup = EE89908322642D0D00CD8E66;
			productRefGroup = EE89908D22642D0D00CD8E66 /* Products */;
			projectDirPath = "";
			projectRoot = "";
			targets = (
				EE89908B22642D0D00CD8E66 /* 练习工程 */,
				EE8990A322642D0F00CD8E66 /* 练习工程Tests */,
				EE8990AE22642D0F00CD8E66 /* 练习工程UITests */,
			);
		};
/* End PBXProject section */

/* Begin PBXResourcesBuildPhase section */
		EE89908A22642D0D00CD8E66 /* Resources */ = {
			isa = PBXResourcesBuildPhase;
			buildActionMask = 2147483647;
			files = (
				EE89909C22642D0F00CD8E66 /* LaunchScreen.storyboard in Resources */,
				EE89909922642D0F00CD8E66 /* Assets.xcassets in Resources */,
				EE89909722642D0D00CD8E66 /* Main.storyboard in Resources */,
			);
			runOnlyForDeploymentPostprocessing = 0;
		};
		EE8990A222642D0F00CD8E66 /* Resources */ = {
			isa = PBXResourcesBuildPhase;
			buildActionMask = 2147483647;
			files = (
			);
			runOnlyForDeploymentPostprocessing = 0;
		};
		EE8990AD22642D0F00CD8E66 /* Resources */ = {
			isa = PBXResourcesBuildPhase;
			buildActionMask = 2147483647;
			files = (
			);
			runOnlyForDeploymentPostprocessing = 0;
		};
/* End PBXResourcesBuildPhase section */

/* Begin PBXShellScriptBuildPhase section */
		874BC5AB75EDC05B656E16FE /* [CP] Check Pods Manifest.lock */ = {
			isa = PBXShellScriptBuildPhase;
			buildActionMask = 2147483647;
			files = (
			);
			inputFileListPaths = (
			);
			inputPaths = (
				"${PODS_PODFILE_DIR_PATH}/Podfile.lock",
				"${PODS_ROOT}/Manifest.lock",
			);
			name = "[CP] Check Pods Manifest.lock";
			outputFileListPaths = (
			);
			outputPaths = (
				"$(DERIVED_FILE_DIR)/Pods-练习工程-checkManifestLockResult.txt",
			);
			runOnlyForDeploymentPostprocessing = 0;
			shellPath = /bin/sh;
			shellScript = "diff \"${PODS_PODFILE_DIR_PATH}/Podfile.lock\" \"${PODS_ROOT}/Manifest.lock\" > /dev/null\nif [ $? != 0 ] ; then\n    # print error to STDERR\n    echo \"error: The sandbox is not in sync with the Podfile.lock. Run 'pod install' or update your CocoaPods installation.\" >&2\n    exit 1\nfi\n# This output is used by Xcode 'outputs' to avoid re-running this script phase.\necho \"SUCCESS\" > \"${SCRIPT_OUTPUT_FILE_0}\"\n";
			showEnvVarsInLog = 0;
		};
/* End PBXShellScriptBuildPhase section */

/* Begin PBXSourcesBuildPhase section */
		EE89908822642D0D00CD8E66 /* Sources */ = {
			isa = PBXSourcesBuildPhase;
			buildActionMask = 2147483647;
			files = (
				EE89909F22642D0F00CD8E66 /* main.m in Sources */,
				EE8990CC2266C08700CD8E66 /* MTCView.m in Sources */,
				EE89909122642D0D00CD8E66 /* AppDelegate.m in Sources */,
			);
			runOnlyForDeploymentPostprocessing = 0;
		};
		EE8990A022642D0F00CD8E66 /* Sources */ = {
			isa = PBXSourcesBuildPhase;
			buildActionMask = 2147483647;
			files = (
				EE8990A922642D0F00CD8E66 /* ____Tests.m in Sources */,
			);
			runOnlyForDeploymentPostprocessing = 0;
		};
		EE8990AB22642D0F00CD8E66 /* Sources */ = {
			isa = PBXSourcesBuildPhase;
			buildActionMask = 2147483647;
			files = (
				EE8990B422642D0F00CD8E66 /* ____UITests.m in Sources */,
			);
			runOnlyForDeploymentPostprocessing = 0;
		};
/* End PBXSourcesBuildPhase section */

/* Begin PBXTargetDependency section */
		EE8990A622642D0F00CD8E66 /* PBXTargetDependency */ = {
			isa = PBXTargetDependency;
			target = EE89908B22642D0D00CD8E66 /* 练习工程 */;
			targetProxy = EE8990A522642D0F00CD8E66 /* PBXContainerItemProxy */;
		};
		EE8990B122642D0F00CD8E66 /* PBXTargetDependency */ = {
			isa = PBXTargetDependency;
			target = EE89908B22642D0D00CD8E66 /* 练习工程 */;
			targetProxy = EE8990B022642D0F00CD8E66 /* PBXContainerItemProxy */;
		};
/* End PBXTargetDependency section */

/* Begin PBXVariantGroup section */
		EE89909522642D0D00CD8E66 /* Main.storyboard */ = {
			isa = PBXVariantGroup;
			children = (
				EE89909622642D0D00CD8E66 /* Base */,
			);
			name = Main.storyboard;
			sourceTree = "<group>";
		};
		EE89909A22642D0F00CD8E66 /* LaunchScreen.storyboard */ = {
			isa = PBXVariantGroup;
			children = (
				EE89909B22642D0F00CD8E66 /* Base */,
			);
			name = LaunchScreen.storyboard;
			sourceTree = "<group>";
		};
/* End PBXVariantGroup section */

/* Begin XCBuildConfiguration section */
		EE8990B622642D0F00CD8E66 /* Debug */ = {
			isa = XCBuildConfiguration;
			buildSettings = {
				ALWAYS_SEARCH_USER_PATHS = NO;
				CLANG_ANALYZER_NONNULL = YES;
				CLANG_ANALYZER_NUMBER_OBJECT_CONVERSION = YES_AGGRESSIVE;
				CLANG_CXX_LANGUAGE_STANDARD = "gnu++14";
				CLANG_CXX_LIBRARY = "libc++";
				CLANG_ENABLE_MODULES = YES;
				CLANG_ENABLE_OBJC_ARC = YES;
				CLANG_ENABLE_OBJC_WEAK = YES;
				CLANG_WARN_BLOCK_CAPTURE_AUTORELEASING = YES;
				CLANG_WARN_BOOL_CONVERSION = YES;
				CLANG_WARN_COMMA = YES;
				CLANG_WARN_CONSTANT_CONVERSION = YES;
				CLANG_WARN_DEPRECATED_OBJC_IMPLEMENTATIONS = YES;
				CLANG_WARN_DIRECT_OBJC_ISA_USAGE = YES_ERROR;
				CLANG_WARN_DOCUMENTATION_COMMENTS = YES;
				CLANG_WARN_EMPTY_BODY = YES;
				CLANG_WARN_ENUM_CONVERSION = YES;
				CLANG_WARN_INFINITE_RECURSION = YES;
				CLANG_WARN_INT_CONVERSION = YES;
				CLANG_WARN_NON_LITERAL_NULL_CONVERSION = YES;
				CLANG_WARN_OBJC_IMPLICIT_RETAIN_SELF = YES;
				CLANG_WARN_OBJC_LITERAL_CONVERSION = YES;
				CLANG_WARN_OBJC_ROOT_CLASS = YES_ERROR;
				CLANG_WARN_RANGE_LOOP_ANALYSIS = YES;
				CLANG_WARN_STRICT_PROTOTYPES = YES;
				CLANG_WARN_SUSPICIOUS_MOVE = YES;
				CLANG_WARN_UNGUARDED_AVAILABILITY = YES_AGGRESSIVE;
				CLANG_WARN_UNREACHABLE_CODE = YES;
				CLANG_WARN__DUPLICATE_METHOD_MATCH = YES;
				CODE_SIGN_IDENTITY = "iPhone Developer";
				COPY_PHASE_STRIP = NO;
				DEBUG_INFORMATION_FORMAT = dwarf;
				ENABLE_STRICT_OBJC_MSGSEND = YES;
				ENABLE_TESTABILITY = YES;
				GCC_C_LANGUAGE_STANDARD = gnu11;
				GCC_DYNAMIC_NO_PIC = NO;
				GCC_NO_COMMON_BLOCKS = YES;
				GCC_OPTIMIZATION_LEVEL = 0;
				GCC_PREPROCESSOR_DEFINITIONS = (
					"DEBUG=1",
					"$(inherited)",
				);
				GCC_WARN_64_TO_32_BIT_CONVERSION = YES;
				GCC_WARN_ABOUT_RETURN_TYPE = YES_ERROR;
				GCC_WARN_UNDECLARED_SELECTOR = YES;
				GCC_WARN_UNINITIALIZED_AUTOS = YES_AGGRESSIVE;
				GCC_WARN_UNUSED_FUNCTION = YES;
				GCC_WARN_UNUSED_VARIABLE = YES;
				IPHONEOS_DEPLOYMENT_TARGET = 12.1;
				MTL_ENABLE_DEBUG_INFO = INCLUDE_SOURCE;
				MTL_FAST_MATH = YES;
				ONLY_ACTIVE_ARCH = YES;
				SDKROOT = iphoneos;
			};
			name = Debug;
		};
		EE8990B722642D0F00CD8E66 /* Release */ = {
			isa = XCBuildConfiguration;
			buildSettings = {
				ALWAYS_SEARCH_USER_PATHS = NO;
				CLANG_ANALYZER_NONNULL = YES;
				CLANG_ANALYZER_NUMBER_OBJECT_CONVERSION = YES_AGGRESSIVE;
				CLANG_CXX_LANGUAGE_STANDARD = "gnu++14";
				CLANG_CXX_LIBRARY = "libc++";
				CLANG_ENABLE_MODULES = YES;
				CLANG_ENABLE_OBJC_ARC = YES;
				CLANG_ENABLE_OBJC_WEAK = YES;
				CLANG_WARN_BLOCK_CAPTURE_AUTORELEASING = YES;
				CLANG_WARN_BOOL_CONVERSION = YES;
				CLANG_WARN_COMMA = YES;
				CLANG_WARN_CONSTANT_CONVERSION = YES;
				CLANG_WARN_DEPRECATED_OBJC_IMPLEMENTATIONS = YES;
				CLANG_WARN_DIRECT_OBJC_ISA_USAGE = YES_ERROR;
				CLANG_WARN_DOCUMENTATION_COMMENTS = YES;
				CLANG_WARN_EMPTY_BODY = YES;
				CLANG_WARN_ENUM_CONVERSION = YES;
				CLANG_WARN_INFINITE_RECURSION = YES;
				CLANG_WARN_INT_CONVERSION = YES;
				CLANG_WARN_NON_LITERAL_NULL_CONVERSION = YES;
				CLANG_WARN_OBJC_IMPLICIT_RETAIN_SELF = YES;
				CLANG_WARN_OBJC_LITERAL_CONVERSION = YES;
				CLANG_WARN_OBJC_ROOT_CLASS = YES_ERROR;
				CLANG_WARN_RANGE_LOOP_ANALYSIS = YES;
				CLANG_WARN_STRICT_PROTOTYPES = YES;
				CLANG_WARN_SUSPICIOUS_MOVE = YES;
				CLANG_WARN_UNGUARDED_AVAILABILITY = YES_AGGRESSIVE;
				CLANG_WARN_UNREACHABLE_CODE = YES;
				CLANG_WARN__DUPLICATE_METHOD_MATCH = YES;
				CODE_SIGN_IDENTITY = "iPhone Developer";
				COPY_PHASE_STRIP = NO;
				DEBUG_INFORMATION_FORMAT = "dwarf-with-dsym";
				ENABLE_NS_ASSERTIONS = NO;
				ENABLE_STRICT_OBJC_MSGSEND = YES;
				GCC_C_LANGUAGE_STANDARD = gnu11;
				GCC_NO_COMMON_BLOCKS = YES;
				GCC_WARN_64_TO_32_BIT_CONVERSION = YES;
				GCC_WARN_ABOUT_RETURN_TYPE = YES_ERROR;
				GCC_WARN_UNDECLARED_SELECTOR = YES;
				GCC_WARN_UNINITIALIZED_AUTOS = YES_AGGRESSIVE;
				GCC_WARN_UNUSED_FUNCTION = YES;
				GCC_WARN_UNUSED_VARIABLE = YES;
				IPHONEOS_DEPLOYMENT_TARGET = 12.1;
				MTL_ENABLE_DEBUG_INFO = NO;
				MTL_FAST_MATH = YES;
				SDKROOT = iphoneos;
				VALIDATE_PRODUCT = YES;
			};
			name = Release;
		};
		EE8990B922642D0F00CD8E66 /* Debug */ = {
			isa = XCBuildConfiguration;
			baseConfigurationReference = 4DE737C575D8BD23F4F83A5A /* Pods-练习工程.debug.xcconfig */;
			buildSettings = {
				ASSETCATALOG_COMPILER_APPICON_NAME = AppIcon;
				CODE_SIGN_STYLE = Automatic;
				INFOPLIST_FILE = "练习工程/Info.plist";
				IPHONEOS_DEPLOYMENT_TARGET = 8.0;
				LD_RUNPATH_SEARCH_PATHS = (
					"$(inherited)",
					"@executable_path/Frameworks",
				);
				PRODUCT_BUNDLE_IDENTIFIER = MTC1146;
				PRODUCT_NAME = "$(TARGET_NAME)";
				TARGETED_DEVICE_FAMILY = "1,2";
			};
			name = Debug;
		};
		EE8990BA22642D0F00CD8E66 /* Release */ = {
			isa = XCBuildConfiguration;
			baseConfigurationReference = 30313156C3EB9FEE1E171F8E /* Pods-练习工程.release.xcconfig */;
			buildSettings = {
				ASSETCATALOG_COMPILER_APPICON_NAME = AppIcon;
				CODE_SIGN_STYLE = Automatic;
				INFOPLIST_FILE = "练习工程/Info.plist";
				IPHONEOS_DEPLOYMENT_TARGET = 8.0;
				LD_RUNPATH_SEARCH_PATHS = (
					"$(inherited)",
					"@executable_path/Frameworks",
				);
				PRODUCT_BUNDLE_IDENTIFIER = MTC1146;
				PRODUCT_NAME = "$(TARGET_NAME)";
				TARGETED_DEVICE_FAMILY = "1,2";
			};
			name = Release;
		};
		EE8990BC22642D0F00CD8E66 /* Debug */ = {
			isa = XCBuildConfiguration;
			buildSettings = {
				BUNDLE_LOADER = "$(TEST_HOST)";
				CODE_SIGN_STYLE = Automatic;
				INFOPLIST_FILE = "练习工程Tests/Info.plist";
				LD_RUNPATH_SEARCH_PATHS = (
					"$(inherited)",
					"@executable_path/Frameworks",
					"@loader_path/Frameworks",
				);
				PRODUCT_BUNDLE_IDENTIFIER = "MTC.----Tests";
				PRODUCT_NAME = "$(TARGET_NAME)";
				TARGETED_DEVICE_FAMILY = "1,2";
				TEST_HOST = "$(BUILT_PRODUCTS_DIR)/练习工程.app/练习工程";
			};
			name = Debug;
		};
		EE8990BD22642D0F00CD8E66 /* Release */ = {
			isa = XCBuildConfiguration;
			buildSettings = {
				BUNDLE_LOADER = "$(TEST_HOST)";
				CODE_SIGN_STYLE = Automatic;
				INFOPLIST_FILE = "练习工程Tests/Info.plist";
				LD_RUNPATH_SEARCH_PATHS = (
					"$(inherited)",
					"@executable_path/Frameworks",
					"@loader_path/Frameworks",
				);
				PRODUCT_BUNDLE_IDENTIFIER = "MTC.----Tests";
				PRODUCT_NAME = "$(TARGET_NAME)";
				TARGETED_DEVICE_FAMILY = "1,2";
				TEST_HOST = "$(BUILT_PRODUCTS_DIR)/练习工程.app/练习工程";
			};
			name = Release;
		};
		EE8990BF22642D0F00CD8E66 /* Debug */ = {
			isa = XCBuildConfiguration;
			buildSettings = {
				CODE_SIGN_STYLE = Automatic;
				INFOPLIST_FILE = "练习工程UITests/Info.plist";
				LD_RUNPATH_SEARCH_PATHS = (
					"$(inherited)",
					"@executable_path/Frameworks",
					"@loader_path/Frameworks",
				);
				PRODUCT_BUNDLE_IDENTIFIER = "MTC.----UITests";
				PRODUCT_NAME = "$(TARGET_NAME)";
				TARGETED_DEVICE_FAMILY = "1,2";
				TEST_TARGET_NAME = "练习工程";
			};
			name = Debug;
		};
		EE8990C022642D0F00CD8E66 /* Release */ = {
			isa = XCBuildConfiguration;
			buildSettings = {
				CODE_SIGN_STYLE = Automatic;
				INFOPLIST_FILE = "练习工程UITests/Info.plist";
				LD_RUNPATH_SEARCH_PATHS = (
					"$(inherited)",
					"@executable_path/Frameworks",
					"@loader_path/Frameworks",
				);
				PRODUCT_BUNDLE_IDENTIFIER = "MTC.----UITests";
				PRODUCT_NAME = "$(TARGET_NAME)";
				TARGETED_DEVICE_FAMILY = "1,2";
				TEST_TARGET_NAME = "练习工程";
			};
			name = Release;
		};
/* End XCBuildConfiguration section */

/* Begin XCConfigurationList section */
		EE89908722642D0D00CD8E66 /* Build configuration list for PBXProject "练习工程" */ = {
			isa = XCConfigurationList;
			buildConfigurations = (
				EE8990B622642D0F00CD8E66 /* Debug */,
				EE8990B722642D0F00CD8E66 /* Release */,
			);
			defaultConfigurationIsVisible = 0;
			defaultConfigurationName = Release;
		};
		EE8990B822642D0F00CD8E66 /* Build configuration list for PBXNativeTarget "练习工程" */ = {
			isa = XCConfigurationList;
			buildConfigurations = (
				EE8990B922642D0F00CD8E66 /* Debug */,
				EE8990BA22642D0F00CD8E66 /* Release */,
			);
			defaultConfigurationIsVisible = 0;
			defaultConfigurationName = Release;
		};
		EE8990BB22642D0F00CD8E66 /* Build configuration list for PBXNativeTarget "练习工程Tests" */ = {
			isa = XCConfigurationList;
			buildConfigurations = (
				EE8990BC22642D0F00CD8E66 /* Debug */,
				EE8990BD22642D0F00CD8E66 /* Release */,
			);
			defaultConfigurationIsVisible = 0;
			defaultConfigurationName = Release;
		};
		EE8990BE22642D0F00CD8E66 /* Build configuration list for PBXNativeTarget "练习工程UITests" */ = {
			isa = XCConfigurationList;
			buildConfigurations = (
				EE8990BF22642D0F00CD8E66 /* Debug */,
				EE8990C022642D0F00CD8E66 /* Release */,
			);
			defaultConfigurationIsVisible = 0;
			defaultConfigurationName = Release;
		};
/* End XCConfigurationList section */
	};
	rootObject = EE89908422642D0D00CD8E66 /* Project object */;
}
